
Microsoft Visual Studio Solution File, Format Version 12.00
# Visual Studio Version 17
VisualStudioVersion = 17.4.33205.214
MinimumVisualStudioVersion = 10.0.40219.1
Project("{8BC9CEB8-8B4A-11D0-8D11-00A0C91BC942}") = "Example 6 - Network", "Example 6 - Network\Example 6 - Network.vcxproj", "{2074E73B-56C3-4EC3-8D9C-F275DAA76C03}"
EndProject
Global
	GlobalSection(SolutionConfigurationPlatforms) = preSolution
		Debug|x64 = Debug|x64
		Debug|x86 = Debug|x86
		Release|x64 = Release|x64
		Release|x86 = Release|x86
	EndGlobalSection
	GlobalSection(ProjectConfigurationPlatforms) = postSolution
		{2074E73B-56C3-4EC3-8D9C-F275DAA76C03}.Debug|x64.ActiveCfg = Debug|x64
		{2074E73B-56C3-4EC3-8D9C-F275DAA76C03}.Debug|x64.Build.0 = Debug|x64
		{2074E73B-56C3-4EC3-8D9C-F275DAA76C03}.Debug|x86.ActiveCfg = Debug|Win32
		{2074E73B-56C3-4EC3-8D9C-F275DAA76C03}.Debug|x86.Build.0 = Debug|Win32
		{2074E73B-56C3-4EC3-8D9C-F275DAA76C03}.Release|x64.ActiveCfg = Release|x64
		{2074E73B-56C3-4EC3-8D9C-F275DAA76C03}.Release|x64.Build.0 = Release|x64
		{2074E73B-56C3-4EC3-8D9C-F275DAA76C03}.Release|x86.ActiveCfg = Release|Win32
		{2074E73B-56C3-4EC3-8D9C-F275DAA76C03}.Release|x86.Build.0 = Release|Win32
	EndGlobalSection
	GlobalSection(SolutionProperties) = preSolution
		HideSolutionNode = FALSE
	EndGlobalSection
	GlobalSection(ExtensibilityGlobals) = postSolution
		SolutionGuid = {C4625261-AF54-4D46-8D0D-FC7DA2631358}
	EndGlobalSection
EndGlobal
